hash: 439035a8a1fe9b3462c3750d62196a4cb6a6fb37d230f148794b2228d85c7a46
updated: 2016-07-24T16:53:30.7139313+02:00
imports:
- name: github.com/cenk/backoff
  version: cdf48bbc1eb78d1349cbda326a4a037f7ba565c6
- name: github.com/dancannon/gorethink
  version: c5ed2858e1bf5840d4d1e8897467dd433a80a64d
- name: github.com/davecgh/go-spew
  version: 5215b55f46b2b919f50a1df0eaa5886afe4e3b3d
  subpackages:
  - spew
- name: github.com/go-errors/errors
  version: a41850380601eeb43f4350f7d17c6bbd8944aaf8
- name: github.com/golang/mock
  version: bd3c8e81be01eef76d4b503f5e687d2d1354d2d9
  subpackages:
  - gomock
- name: github.com/golang/protobuf
  version: 874264fbbb43f4d91e999fecb4b40143ed611400
  subpackages:
  - proto
- name: github.com/hailocab/go-hostpool
  version: e80d13ce29ede4452c43dea11e79b9bc8a15b478
- name: github.com/oleiade/reflections
  version: 632977f98cd34d217c4b57d0840ec188b3d3dcaf
- name: github.com/ory-am/common
  version: 930cc805232909c38f2e68310b1e21f71b056d59
  subpackages:
  - compiler
  - pkg
- name: github.com/pmezard/go-difflib
  version: d8ed2627bdf02c080bf22230dbb337003b7aba2d
  subpackages:
  - difflib
- name: github.com/Sirupsen/logrus
  version: a283a10442df8dc09befd873fab202bf8a253d6a
- name: github.com/stretchr/testify
  version: d77da356e56a7428ad25149ca77381849a6a5232
  subpackages:
  - assert
  - require
- name: golang.org/x/crypto
  version: 911fafb28f4ee7c7bd483539a6c96190bbbccc3f
  subpackages:
  - pbkdf2
- name: golang.org/x/net
  version: 4d38db76854b199960801a1734443fd02870d7e1
  subpackages:
  - context
- name: golang.org/x/sys
  version: a646d33e2ee3172a661fc09bca23bb4889a41bc8
  subpackages:
  - unix
- name: gopkg.in/dancannon/gorethink.v2
  version: c5ed2858e1bf5840d4d1e8897467dd433a80a64d
  subpackages:
  - encoding
  - ql2
  - types
- name: gopkg.in/fatih/pool.v2
  version: 20a0a429c5f93de45c90f5f09ea297c25e0929b3
devImports: []
